{
  "pins" : [
    {
      "identity" : "argon2kit",
      "kind" : "remoteSourceControl",
      "location" : "https://github.com/rkreutz/Argon2Kit.git",
      "state" : {
        "revision" : "87b9ca9c42304b8c6a5c14d7f6d6a0342917e71c",
        "version" : "0.1.1"
      }
    },
    {
      "identity" : "kdna-core-swift",
      "kind" : "remoteSourceControl",
      "location" : "https://github.com/aikdna/kdna-core-swift.git",
      "state" : {
        "revision" : "4a9b732b590a711c544da5280a4b78f071369617",
        "version" : "0.20.0"
      }
    }
  ],
  "version" : 2
}
